
Microsoft Visual Studio Solution File, Format Version 12.00
# Visual Studio Version 17
VisualStudioVersion = 17.3.32811.315
MinimumVisualStudioVersion = 10.0.40219.1
Project("{9A19103F-16F7-4668-BE54-9A1E7A4F7556}") = "WebApp", "WebApp\WebApp.csproj", "{D981EBAA-F0F3-4516-80E5-03F45BB4B4B5}"
EndProject
Project("{9A19103F-16F7-4668-BE54-9A1E7A4F7556}") = "UseCases", "UseCases\UseCases.csproj", "{A7659491-B192-4324-AE37-09E7E2485CDF}"
EndProject
Project("{9A19103F-16F7-4668-BE54-9A1E7A4F7556}") = "CoreBuisness", "CoreBuisness\CoreBuisness.csproj", "{CB825089-4067-4098-BFB1-AABA213D7FDE}"
EndProject
Project("{9A19103F-16F7-4668-BE54-9A1E7A4F7556}") = "Plugins.DataStore.InMemory", "Plugins.DataStore.InMemory\Plugins.DataStore.InMemory.csproj", "{87DBE915-0B1B-4CA7-8128-27858936802E}"
EndProject
Global
	GlobalSection(SolutionConfigurationPlatforms) = preSolution
		Debug|Any CPU = Debug|Any CPU
		Release|Any CPU = Release|Any CPU
	EndGlobalSection
	GlobalSection(ProjectConfigurationPlatforms) = postSolution
		{D981EBAA-F0F3-4516-80E5-03F45BB4B4B5}.Debug|Any CPU.ActiveCfg = Debug|Any CPU
		{D981EBAA-F0F3-4516-80E5-03F45BB4B4B5}.Debug|Any CPU.Build.0 = Debug|Any CPU
		{D981EBAA-F0F3-4516-80E5-03F45BB4B4B5}.Release|Any CPU.ActiveCfg = Release|Any CPU
		{D981EBAA-F0F3-4516-80E5-03F45BB4B4B5}.Release|Any CPU.Build.0 = Release|Any CPU
		{A7659491-B192-4324-AE37-09E7E2485CDF}.Debug|Any CPU.ActiveCfg = Debug|Any CPU
		{A7659491-B192-4324-AE37-09E7E2485CDF}.Debug|Any CPU.Build.0 = Debug|Any CPU
		{A7659491-B192-4324-AE37-09E7E2485CDF}.Release|Any CPU.ActiveCfg = Release|Any CPU
		{A7659491-B192-4324-AE37-09E7E2485CDF}.Release|Any CPU.Build.0 = Release|Any CPU
		{CB825089-4067-4098-BFB1-AABA213D7FDE}.Debug|Any CPU.ActiveCfg = Debug|Any CPU
		{CB825089-4067-4098-BFB1-AABA213D7FDE}.Debug|Any CPU.Build.0 = Debug|Any CPU
		{CB825089-4067-4098-BFB1-AABA213D7FDE}.Release|Any CPU.ActiveCfg = Release|Any CPU
		{CB825089-4067-4098-BFB1-AABA213D7FDE}.Release|Any CPU.Build.0 = Release|Any CPU
		{87DBE915-0B1B-4CA7-8128-27858936802E}.Debug|Any CPU.ActiveCfg = Debug|Any CPU
		{87DBE915-0B1B-4CA7-8128-27858936802E}.Debug|Any CPU.Build.0 = Debug|Any CPU
		{87DBE915-0B1B-4CA7-8128-27858936802E}.Release|Any CPU.ActiveCfg = Release|Any CPU
		{87DBE915-0B1B-4CA7-8128-27858936802E}.Release|Any CPU.Build.0 = Release|Any CPU
	EndGlobalSection
	GlobalSection(SolutionProperties) = preSolution
		HideSolutionNode = FALSE
	EndGlobalSection
	GlobalSection(ExtensibilityGlobals) = postSolution
		SolutionGuid = {3167E960-A95B-4991-B744-7EB7C44B0D00}
	EndGlobalSection
EndGlobal
